
Microsoft Visual Studio Solution File, Format Version 12.00
# Visual Studio Version 17
VisualStudioVersion = 17.0.31903.59
MinimumVisualStudioVersion = 10.0.40219.1
Project("{FAE04EC0-301F-11D3-BF4B-00C04F79EFBC}") = "Domain", "Domain\Domain.csproj", "{6524C36C-7CD1-4346-9C05-5293143BC343}"
EndProject
Project("{FAE04EC0-301F-11D3-BF4B-00C04F79EFBC}") = "Persistence", "Persistence\Persistence.csproj", "{C2F3F9B5-3B1B-4697-B5F7-FFE84E3CAB63}"
EndProject
Project("{FAE04EC0-301F-11D3-BF4B-00C04F79EFBC}") = "GardenApi", "GardenApi\GardenApi.csproj", "{32AFD7E8-051E-4380-9AF5-A826AAC0C8A5}"
EndProject
Project("{FAE04EC0-301F-11D3-BF4B-00C04F79EFBC}") = "Application", "Application\Application.csproj", "{7041B8EC-7684-4BA0-B915-A078C94B0025}"
EndProject
Global
	GlobalSection(SolutionConfigurationPlatforms) = preSolution
		Debug|Any CPU = Debug|Any CPU
		Release|Any CPU = Release|Any CPU
	EndGlobalSection
	GlobalSection(SolutionProperties) = preSolution
		HideSolutionNode = FALSE
	EndGlobalSection
	GlobalSection(ProjectConfigurationPlatforms) = postSolution
		{6524C36C-7CD1-4346-9C05-5293143BC343}.Debug|Any CPU.ActiveCfg = Debug|Any CPU
		{6524C36C-7CD1-4346-9C05-5293143BC343}.Debug|Any CPU.Build.0 = Debug|Any CPU
		{6524C36C-7CD1-4346-9C05-5293143BC343}.Release|Any CPU.ActiveCfg = Release|Any CPU
		{6524C36C-7CD1-4346-9C05-5293143BC343}.Release|Any CPU.Build.0 = Release|Any CPU
		{C2F3F9B5-3B1B-4697-B5F7-FFE84E3CAB63}.Debug|Any CPU.ActiveCfg = Debug|Any CPU
		{C2F3F9B5-3B1B-4697-B5F7-FFE84E3CAB63}.Debug|Any CPU.Build.0 = Debug|Any CPU
		{C2F3F9B5-3B1B-4697-B5F7-FFE84E3CAB63}.Release|Any CPU.ActiveCfg = Release|Any CPU
		{C2F3F9B5-3B1B-4697-B5F7-FFE84E3CAB63}.Release|Any CPU.Build.0 = Release|Any CPU
		{32AFD7E8-051E-4380-9AF5-A826AAC0C8A5}.Debug|Any CPU.ActiveCfg = Debug|Any CPU
		{32AFD7E8-051E-4380-9AF5-A826AAC0C8A5}.Debug|Any CPU.Build.0 = Debug|Any CPU
		{32AFD7E8-051E-4380-9AF5-A826AAC0C8A5}.Release|Any CPU.ActiveCfg = Release|Any CPU
		{32AFD7E8-051E-4380-9AF5-A826AAC0C8A5}.Release|Any CPU.Build.0 = Release|Any CPU
		{7041B8EC-7684-4BA0-B915-A078C94B0025}.Debug|Any CPU.ActiveCfg = Debug|Any CPU
		{7041B8EC-7684-4BA0-B915-A078C94B0025}.Debug|Any CPU.Build.0 = Debug|Any CPU
		{7041B8EC-7684-4BA0-B915-A078C94B0025}.Release|Any CPU.ActiveCfg = Release|Any CPU
		{7041B8EC-7684-4BA0-B915-A078C94B0025}.Release|Any CPU.Build.0 = Release|Any CPU
	EndGlobalSection
EndGlobal
